// !$*UTF8*$!
{
	archiveVersion = 1;
	classes = {
	};
	objectVersion = 55;
	objects = {

/* Begin PBXBuildFile section */
		A6FD9CCB28367616004E9BE2 /* AppDelegate.swift in Sources */ = {isa = PBXBuildFile; fileRef = A6FD9CCA28367616004E9BE2 /* AppDelegate.swift */; };
		A6FD9CCD28367616004E9BE2 /* SceneDelegate.swift in Sources */ = {isa = PBXBuildFile; fileRef = A6FD9CCC28367616004E9BE2 /* SceneDelegate.swift */; };
		A6FD9CCF28367616004E9BE2 /* ViewController.swift in Sources */ = {isa = PBXBuildFile; fileRef = A6FD9CCE28367616004E9BE2 /* ViewController.swift */; };
		A6FD9CD228367616004E9BE2 /* Main.storyboard in Resources */ = {isa = PBXBuildFile; fileRef = A6FD9CD028367616004E9BE2 /* Main.storyboard */; };
		A6FD9CD428367617004E9BE2 /* Assets.xcassets in Resources */ = {isa = PBXBuildFile; fileRef = A6FD9CD328367617004E9BE2 /* Assets.xcassets */; };
		A6FD9CD728367617004E9BE2 /* LaunchScreen.storyboard in Resources */ = {isa = PBXBuildFile; fileRef = A6FD9CD528367617004E9BE2 /* LaunchScreen.storyboard */; };
		A6FD9CE228367617004E9BE2 /* ReverseValueTransmissionTests.swift in Sources */ = {isa = PBXBuildFile; fileRef = A6FD9CE128367617004E9BE2 /* ReverseValueTransmissionTests.swift */; };
		A6FD9CEC28367617004E9BE2 /* ReverseValueTransmissionUITests.swift in Sources */ = {isa = PBXBuildFile; fileRef = A6FD9CEB28367617004E9BE2 /* ReverseValueTransmissionUITests.swift */; };
		A6FD9CEE28367617004E9BE2 /* ReverseValueTransmissionUITestsLaunchTests.swift in Sources */ = {isa = PBXBuildFile; fileRef = A6FD9CED28367617004E9BE2 /* ReverseValueTransmissionUITestsLaunchTests.swift */; };
		A6FD9CFD28367769004E9BE2 /* PresentViewController.swift in Sources */ = {isa = PBXBuildFile; fileRef = A6FD9CFA28367768004E9BE2 /* PresentViewController.swift */; };
		A6FD9CFE28367769004E9BE2 /* ProtocolViewController.swift in Sources */ = {isa = PBXBuildFile; fileRef = A6FD9CFB28367768004E9BE2 /* ProtocolViewController.swift */; };
		A6FD9CFF28367769004E9BE2 /* NotificationViewController.swift in Sources */ = {isa = PBXBuildFile; fileRef = A6FD9CFC28367769004E9BE2 /* NotificationViewController.swift */; };
		A6FD9D0228367781004E9BE2 /* EtensionManager.swift in Sources */ = {isa = PBXBuildFile; fileRef = A6FD9D0028367781004E9BE2 /* EtensionManager.swift */; };
		A6FD9D0328367781004E9BE2 /* ClosureViewController.swift in Sources */ = {isa = PBXBuildFile; fileRef = A6FD9D0128367781004E9BE2 /* ClosureViewController.swift */; };
/* End PBXBuildFile section */

/* Begin PBXContainerItemProxy section */
		A6FD9CDE28367617004E9BE2 /* PBXContainerItemProxy */ = {
			isa = PBXContainerItemProxy;
			containerPortal = A6FD9CBF28367616004E9BE2 /* Project object */;
			proxyType = 1;
			remoteGlobalIDString = A6FD9CC628367616004E9BE2;
			remoteInfo = ReverseValueTransmission;
		};
		A6FD9CE828367617004E9BE2 /* PBXContainerItemProxy */ = {
			isa = PBXContainerItemProxy;
			containerPortal = A6FD9CBF28367616004E9BE2 /* Project object */;
			proxyType = 1;
			remoteGlobalIDString = A6FD9CC628367616004E9BE2;
			remoteInfo = ReverseValueTransmission;
		};
/* End PBXContainerItemProxy section */

/* Begin PBXFileReference section */
		A6FD9CC728367616004E9BE2 /* ReverseValueTransmission.app */ = {isa = PBXFileReference; explicitFileType = wrapper.application; includeInIndex = 0; path = ReverseValueTransmission.app; sourceTree = BUILT_PRODUCTS_DIR; };
		A6FD9CCA28367616004E9BE2 /* AppDelegate.swift */ = {isa = PBXFileReference; lastKnownFileType = sourcecode.swift; path = AppDelegate.swift; sourceTree = "<group>"; };
		A6FD9CCC28367616004E9BE2 /* SceneDelegate.swift */ = {isa = PBXFileReference; lastKnownFileType = sourcecode.swift; path = SceneDelegate.swift; sourceTree = "<group>"; };
		A6FD9CCE28367616004E9BE2 /* ViewController.swift */ = {isa = PBXFileReference; lastKnownFileType = sourcecode.swift; path = ViewController.swift; sourceTree = "<group>"; };
		A6FD9CD128367616004E9BE2 /* Base */ = {isa = PBXFileReference; lastKnownFileType = file.storyboard; name = Base; path = Base.lproj/Main.storyboard; sourceTree = "<group>"; };
		A6FD9CD328367617004E9BE2 /* Assets.xcassets */ = {isa = PBXFileReference; lastKnownFileType = folder.assetcatalog; path = Assets.xcassets; sourceTree = "<group>"; };
		A6FD9CD628367617004E9BE2 /* Base */ = {isa = PBXFileReference; lastKnownFileType = file.storyboard; name = Base; path = Base.lproj/LaunchScreen.storyboard; sourceTree = "<group>"; };
		A6FD9CD828367617004E9BE2 /* Info.plist */ = {isa = PBXFileReference; lastKnownFileType = text.plist.xml; path = Info.plist; sourceTree = "<group>"; };
		A6FD9CDD28367617004E9BE2 /* ReverseValueTransmissionTests.xctest */ = {isa = PBXFileReference; explicitFileType = wrapper.cfbundle; includeInIndex = 0; path = ReverseValueTransmissionTests.xctest; sourceTree = BUILT_PRODUCTS_DIR; };
		A6FD9CE128367617004E9BE2 /* ReverseValueTransmissionTests.swift */ = {isa = PBXFileReference; lastKnownFileType = sourcecode.swift; path = ReverseValueTransmissionTests.swift; sourceTree = "<group>"; };
		A6FD9CE728367617004E9BE2 /* ReverseValueTransmissionUITests.xctest */ = {isa = PBXFileReference; explicitFileType = wrapper.cfbundle; includeInIndex = 0; path = ReverseValueTransmissionUITests.xctest; sourceTree = BUILT_PRODUCTS_DIR; };
		A6FD9CEB28367617004E9BE2 /* ReverseValueTransmissionUITests.swift */ = {isa = PBXFileReference; lastKnownFileType = sourcecode.swift; path = ReverseValueTransmissionUITests.swift; sourceTree = "<group>"; };
		A6FD9CED28367617004E9BE2 /* ReverseValueTransmissionUITestsLaunchTests.swift */ = {isa = PBXFileReference; lastKnownFileType = sourcecode.swift; path = ReverseValueTransmissionUITestsLaunchTests.swift; sourceTree = "<group>"; };
		A6FD9CFA28367768004E9BE2 /* PresentViewController.swift */ = {isa = PBXFileReference; fileEncoding = 4; lastKnownFileType = sourcecode.swift; path = PresentViewController.swift; sourceTree = "<group>"; };
		A6FD9CFB28367768004E9BE2 /* ProtocolViewController.swift */ = {isa = PBXFileReference; fileEncoding = 4; lastKnownFileType = sourcecode.swift; path = ProtocolViewController.swift; sourceTree = "<group>"; };
		A6FD9CFC28367769004E9BE2 /* NotificationViewController.swift */ = {isa = PBXFileReference; fileEncoding = 4; lastKnownFileType = sourcecode.swift; path = NotificationViewController.swift; sourceTree = "<group>"; };
		A6FD9D0028367781004E9BE2 /* EtensionManager.swift */ = {isa = PBXFileReference; fileEncoding = 4; lastKnownFileType = sourcecode.swift; path = EtensionManager.swift; sourceTree = "<group>"; };
		A6FD9D0128367781004E9BE2 /* ClosureViewController.swift */ = {isa = PBXFileReference; fileEncoding = 4; lastKnownFileType = sourcecode.swift; path = ClosureViewController.swift; sourceTree = "<group>"; };
/* End PBXFileReference section */

/* Begin PBXFrameworksBuildPhase section */
		A6FD9CC428367616004E9BE2 /* Frameworks */ = {
			isa = PBXFrameworksBuildPhase;
			buildActionMask = 2147483647;
			files = (
			);
			runOnlyForDeploymentPostprocessing = 0;
		};
		A6FD9CDA28367617004E9BE2 /* Frameworks */ = {
			isa = PBXFrameworksBuildPhase;
			buildActionMask = 2147483647;
			files = (
			);
			runOnlyForDeploymentPostprocessing = 0;
		};
		A6FD9CE428367617004E9BE2 /* Frameworks */ = {
			isa = PBXFrameworksBuildPhase;
			buildActionMask = 2147483647;
			files = (
			);
			runOnlyForDeploymentPostprocessing = 0;
		};
/* End PBXFrameworksBuildPhase section */

/* Begin PBXGroup section */
		A6FD9CBE28367616004E9BE2 = {
			isa = PBXGroup;
			children = (
				A6FD9CC928367616004E9BE2 /* ReverseValueTransmission */,
				A6FD9CE028367617004E9BE2 /* ReverseValueTransmissionTests */,
				A6FD9CEA28367617004E9BE2 /* ReverseValueTransmissionUITests */,
				A6FD9CC828367616004E9BE2 /* Products */,
			);
			sourceTree = "<group>";
		};
		A6FD9CC828367616004E9BE2 /* Products */ = {
			isa = PBXGroup;
			children = (
				A6FD9CC728367616004E9BE2 /* ReverseValueTransmission.app */,
				A6FD9CDD28367617004E9BE2 /* ReverseValueTransmissionTests.xctest */,
				A6FD9CE728367617004E9BE2 /* ReverseValueTransmissionUITests.xctest */,
			);
			name = Products;
			sourceTree = "<group>";
		};
		A6FD9CC928367616004E9BE2 /* ReverseValueTransmission */ = {
			isa = PBXGroup;
			children = (
				A6FD9CCA28367616004E9BE2 /* AppDelegate.swift */,
				A6FD9CCC28367616004E9BE2 /* SceneDelegate.swift */,
				A6FD9CCE28367616004E9BE2 /* ViewController.swift */,
				A6FD9CFC28367769004E9BE2 /* NotificationViewController.swift */,
				A6FD9CFA28367768004E9BE2 /* PresentViewController.swift */,
				A6FD9CFB28367768004E9BE2 /* ProtocolViewController.swift */,
				A6FD9D0128367781004E9BE2 /* ClosureViewController.swift */,
				A6FD9D0028367781004E9BE2 /* EtensionManager.swift */,
				A6FD9CD028367616004E9BE2 /* Main.storyboard */,
				A6FD9CD328367617004E9BE2 /* Assets.xcassets */,
				A6FD9CD528367617004E9BE2 /* LaunchScreen.storyboard */,
				A6FD9CD828367617004E9BE2 /* Info.plist */,
			);
			path = ReverseValueTransmission;
			sourceTree = "<group>";
		};
		A6FD9CE028367617004E9BE2 /* ReverseValueTransmissionTests */ = {
			isa = PBXGroup;
			children = (
				A6FD9CE128367617004E9BE2 /* ReverseValueTransmissionTests.swift */,
			);
			path = ReverseValueTransmissionTests;
			sourceTree = "<group>";
		};
		A6FD9CEA28367617004E9BE2 /* ReverseValueTransmissionUITests */ = {
			isa = PBXGroup;
			children = (
				A6FD9CEB28367617004E9BE2 /* ReverseValueTransmissionUITests.swift */,
				A6FD9CED28367617004E9BE2 /* ReverseValueTransmissionUITestsLaunchTests.swift */,
			);
			path = ReverseValueTransmissionUITests;
			sourceTree = "<group>";
		};
/* End PBXGroup section */

/* Begin PBXNativeTarget section */
		A6FD9CC628367616004E9BE2 /* ReverseValueTransmission */ = {
			isa = PBXNativeTarget;
			buildConfigurationList = A6FD9CF128367617004E9BE2 /* Build configuration list for PBXNativeTarget "ReverseValueTransmission" */;
			buildPhases = (
				A6FD9CC328367616004E9BE2 /* Sources */,
				A6FD9CC428367616004E9BE2 /* Frameworks */,
				A6FD9CC528367616004E9BE2 /* Resources */,
			);
			buildRules = (
			);
			dependencies = (
			);
			name = ReverseValueTransmission;
			productName = ReverseValueTransmission;
			productReference = A6FD9CC728367616004E9BE2 /* ReverseValueTransmission.app */;
			productType = "com.apple.product-type.application";
		};
		A6FD9CDC28367617004E9BE2 /* ReverseValueTransmissionTests */ = {
			isa = PBXNativeTarget;
			buildConfigurationList = A6FD9CF428367617004E9BE2 /* Build configuration list for PBXNativeTarget "ReverseValueTransmissionTests" */;
			buildPhases = (
				A6FD9CD928367617004E9BE2 /* Sources */,
				A6FD9CDA28367617004E9BE2 /* Frameworks */,
				A6FD9CDB28367617004E9BE2 /* Resources */,
			);
			buildRules = (
			);
			dependencies = (
				A6FD9CDF28367617004E9BE2 /* PBXTargetDependency */,
			);
			name = ReverseValueTransmissionTests;
			productName = ReverseValueTransmissionTests;
			productReference = A6FD9CDD28367617004E9BE2 /* ReverseValueTransmissionTests.xctest */;
			productType = "com.apple.product-type.bundle.unit-test";
		};
		A6FD9CE628367617004E9BE2 /* ReverseValueTransmissionUITests */ = {
			isa = PBXNativeTarget;
			buildConfigurationList = A6FD9CF728367617004E9BE2 /* Build configuration list for PBXNativeTarget "ReverseValueTransmissionUITests" */;
			buildPhases = (
				A6FD9CE328367617004E9BE2 /* Sources */,
				A6FD9CE428367617004E9BE2 /* Frameworks */,
				A6FD9CE528367617004E9BE2 /* Resources */,
			);
			buildRules = (
			);
			dependencies = (
				A6FD9CE928367617004E9BE2 /* PBXTargetDependency */,
			);
			name = ReverseValueTransmissionUITests;
			productName = ReverseValueTransmissionUITests;
			productReference = A6FD9CE728367617004E9BE2 /* ReverseValueTransmissionUITests.xctest */;
			productType = "com.apple.product-type.bundle.ui-testing";
		};
/* End PBXNativeTarget section */

/* Begin PBXProject section */
		A6FD9CBF28367616004E9BE2 /* Project object */ = {
			isa = PBXProject;
			attributes = {
				BuildIndependentTargetsInParallel = 1;
				LastSwiftUpdateCheck = 1330;
				LastUpgradeCheck = 1330;
				TargetAttributes = {
					A6FD9CC628367616004E9BE2 = {
						CreatedOnToolsVersion = 13.3.1;
					};
					A6FD9CDC28367617004E9BE2 = {
						CreatedOnToolsVersion = 13.3.1;
						TestTargetID = A6FD9CC628367616004E9BE2;
					};
					A6FD9CE628367617004E9BE2 = {
						CreatedOnToolsVersion = 13.3.1;
						TestTargetID = A6FD9CC628367616004E9BE2;
					};
				};
			};
			buildConfigurationList = A6FD9CC228367616004E9BE2 /* Build configuration list for PBXProject "ReverseValueTransmission" */;
			compatibilityVersion = "Xcode 13.0";
			developmentRegion = en;
			hasScannedForEncodings = 0;
			knownRegions = (
				en,
				Base,
			);
			mainGroup = A6FD9CBE28367616004E9BE2;
			productRefGroup = A6FD9CC828367616004E9BE2 /* Products */;
			projectDirPath = "";
			projectRoot = "";
			targets = (
				A6FD9CC628367616004E9BE2 /* ReverseValueTransmission */,
				A6FD9CDC28367617004E9BE2 /* ReverseValueTransmissionTests */,
				A6FD9CE628367617004E9BE2 /* ReverseValueTransmissionUITests */,
			);
		};
/* End PBXProject section */

/* Begin PBXResourcesBuildPhase section */
		A6FD9CC528367616004E9BE2 /* Resources */ = {
			isa = PBXResourcesBuildPhase;
			buildActionMask = 2147483647;
			files = (
				A6FD9CD728367617004E9BE2 /* LaunchScreen.storyboard in Resources */,
				A6FD9CD428367617004E9BE2 /* Assets.xcassets in Resources */,
				A6FD9CD228367616004E9BE2 /* Main.storyboard in Resources */,
			);
			runOnlyForDeploymentPostprocessing = 0;
		};
		A6FD9CDB28367617004E9BE2 /* Resources */ = {
			isa = PBXResourcesBuildPhase;
			buildActionMask = 2147483647;
			files = (
			);
			runOnlyForDeploymentPostprocessing = 0;
		};
		A6FD9CE528367617004E9BE2 /* Resources */ = {
			isa = PBXResourcesBuildPhase;
			buildActionMask = 2147483647;
			files = (
			);
			runOnlyForDeploymentPostprocessing = 0;
		};
/* End PBXResourcesBuildPhase section */

/* Begin PBXSourcesBuildPhase section */
		A6FD9CC328367616004E9BE2 /* Sources */ = {
			isa = PBXSourcesBuildPhase;
			buildActionMask = 2147483647;
			files = (
				A6FD9CCF28367616004E9BE2 /* ViewController.swift in Sources */,
				A6FD9D0228367781004E9BE2 /* EtensionManager.swift in Sources */,
				A6FD9D0328367781004E9BE2 /* ClosureViewController.swift in Sources */,
				A6FD9CFE28367769004E9BE2 /* ProtocolViewController.swift in Sources */,
				A6FD9CFF28367769004E9BE2 /* NotificationViewController.swift in Sources */,
				A6FD9CCB28367616004E9BE2 /* AppDelegate.swift in Sources */,
				A6FD9CFD28367769004E9BE2 /* PresentViewController.swift in Sources */,
				A6FD9CCD28367616004E9BE2 /* SceneDelegate.swift in Sources */,
			);
			runOnlyForDeploymentPostprocessing = 0;
		};
		A6FD9CD928367617004E9BE2 /* Sources */ = {
			isa = PBXSourcesBuildPhase;
			buildActionMask = 2147483647;
			files = (
				A6FD9CE228367617004E9BE2 /* ReverseValueTransmissionTests.swift in Sources */,
			);
			runOnlyForDeploymentPostprocessing = 0;
		};
		A6FD9CE328367617004E9BE2 /* Sources */ = {
			isa = PBXSourcesBuildPhase;
			buildActionMask = 2147483647;
			files = (
				A6FD9CEC28367617004E9BE2 /* ReverseValueTransmissionUITests.swift in Sources */,
				A6FD9CEE28367617004E9BE2 /* ReverseValueTransmissionUITestsLaunchTests.swift in Sources */,
			);
			runOnlyForDeploymentPostprocessing = 0;
		};
/* End PBXSourcesBuildPhase section */

/* Begin PBXTargetDependency section */
		A6FD9CDF28367617004E9BE2 /* PBXTargetDependency */ = {
			isa = PBXTargetDependency;
			target = A6FD9CC628367616004E9BE2 /* ReverseValueTransmission */;
			targetProxy = A6FD9CDE28367617004E9BE2 /* PBXContainerItemProxy */;
		};
		A6FD9CE928367617004E9BE2 /* PBXTargetDependency */ = {
			isa = PBXTargetDependency;
			target = A6FD9CC628367616004E9BE2 /* ReverseValueTransmission */;
			targetProxy = A6FD9CE828367617004E9BE2 /* PBXContainerItemProxy */;
		};
/* End PBXTargetDependency section */

/* Begin PBXVariantGroup section */
		A6FD9CD028367616004E9BE2 /* Main.storyboard */ = {
			isa = PBXVariantGroup;
			children = (
				A6FD9CD128367616004E9BE2 /* Base */,
			);
			name = Main.storyboard;
			sourceTree = "<group>";
		};
		A6FD9CD528367617004E9BE2 /* LaunchScreen.storyboard */ = {
			isa = PBXVariantGroup;
			children = (
				A6FD9CD628367617004E9BE2 /* Base */,
			);
			name = LaunchScreen.storyboard;
			sourceTree = "<group>";
		};
/* End PBXVariantGroup section */

/* Begin XCBuildConfiguration section */
		A6FD9CEF28367617004E9BE2 /* Debug */ = {
			isa = XCBuildConfiguration;
			buildSettings = {
				ALWAYS_SEARCH_USER_PATHS = NO;
				CLANG_ANALYZER_NONNULL = YES;
				CLANG_ANALYZER_NUMBER_OBJECT_CONVERSION = YES_AGGRESSIVE;
				CLANG_CXX_LANGUAGE_STANDARD = "gnu++17";
				CLANG_ENABLE_MODULES = YES;
				CLANG_ENABLE_OBJC_ARC = YES;
				CLANG_ENABLE_OBJC_WEAK = YES;
				CLANG_WARN_BLOCK_CAPTURE_AUTORELEASING = YES;
				CLANG_WARN_BOOL_CONVERSION = YES;
				CLANG_WARN_COMMA = YES;
				CLANG_WARN_CONSTANT_CONVERSION = YES;
				CLANG_WARN_DEPRECATED_OBJC_IMPLEMENTATIONS = YES;
				CLANG_WARN_DIRECT_OBJC_ISA_USAGE = YES_ERROR;
				CLANG_WARN_DOCUMENTATION_COMMENTS = YES;
				CLANG_WARN_EMPTY_BODY = YES;
				CLANG_WARN_ENUM_CONVERSION = YES;
				CLANG_WARN_INFINITE_RECURSION = YES;
				CLANG_WARN_INT_CONVERSION = YES;
				CLANG_WARN_NON_LITERAL_NULL_CONVERSION = YES;
				CLANG_WARN_OBJC_IMPLICIT_RETAIN_SELF = YES;
				CLANG_WARN_OBJC_LITERAL_CONVERSION = YES;
				CLANG_WARN_OBJC_ROOT_CLASS = YES_ERROR;
				CLANG_WARN_QUOTED_INCLUDE_IN_FRAMEWORK_HEADER = YES;
				CLANG_WARN_RANGE_LOOP_ANALYSIS = YES;
				CLANG_WARN_STRICT_PROTOTYPES = YES;
				CLANG_WARN_SUSPICIOUS_MOVE = YES;
				CLANG_WARN_UNGUARDED_AVAILABILITY = YES_AGGRESSIVE;
				CLANG_WARN_UNREACHABLE_CODE = YES;
				CLANG_WARN__DUPLICATE_METHOD_MATCH = YES;
				COPY_PHASE_STRIP = NO;
				DEBUG_INFORMATION_FORMAT = dwarf;
				ENABLE_STRICT_OBJC_MSGSEND = YES;
				ENABLE_TESTABILITY = YES;
				GCC_C_LANGUAGE_STANDARD = gnu11;
				GCC_DYNAMIC_NO_PIC = NO;
				GCC_NO_COMMON_BLOCKS = YES;
				GCC_OPTIMIZATION_LEVEL = 0;
				GCC_PREPROCESSOR_DEFINITIONS = (
					"DEBUG=1",
					"$(inherited)",
				);
				GCC_WARN_64_TO_32_BIT_CONVERSION = YES;
				GCC_WARN_ABOUT_RETURN_TYPE = YES_ERROR;
				GCC_WARN_UNDECLARED_SELECTOR = YES;
				GCC_WARN_UNINITIALIZED_AUTOS = YES_AGGRESSIVE;
				GCC_WARN_UNUSED_FUNCTION = YES;
				GCC_WARN_UNUSED_VARIABLE = YES;
				IPHONEOS_DEPLOYMENT_TARGET = 15.4;
				MTL_ENABLE_DEBUG_INFO = INCLUDE_SOURCE;
				MTL_FAST_MATH = YES;
				ONLY_ACTIVE_ARCH = YES;
				SDKROOT = iphoneos;
				SWIFT_ACTIVE_COMPILATION_CONDITIONS = DEBUG;
				SWIFT_OPTIMIZATION_LEVEL = "-Onone";
			};
			name = Debug;
		};
		A6FD9CF028367617004E9BE2 /* Release */ = {
			isa = XCBuildConfiguration;
			buildSettings = {
				ALWAYS_SEARCH_USER_PATHS = NO;
				CLANG_ANALYZER_NONNULL = YES;
				CLANG_ANALYZER_NUMBER_OBJECT_CONVERSION = YES_AGGRESSIVE;
				CLANG_CXX_LANGUAGE_STANDARD = "gnu++17";
				CLANG_ENABLE_MODULES = YES;
				CLANG_ENABLE_OBJC_ARC = YES;
				CLANG_ENABLE_OBJC_WEAK = YES;
				CLANG_WARN_BLOCK_CAPTURE_AUTORELEASING = YES;
				CLANG_WARN_BOOL_CONVERSION = YES;
				CLANG_WARN_COMMA = YES;
				CLANG_WARN_CONSTANT_CONVERSION = YES;
				CLANG_WARN_DEPRECATED_OBJC_IMPLEMENTATIONS = YES;
				CLANG_WARN_DIRECT_OBJC_ISA_USAGE = YES_ERROR;
				CLANG_WARN_DOCUMENTATION_COMMENTS = YES;
				CLANG_WARN_EMPTY_BODY = YES;
				CLANG_WARN_ENUM_CONVERSION = YES;
				CLANG_WARN_INFINITE_RECURSION = YES;
				CLANG_WARN_INT_CONVERSION = YES;
				CLANG_WARN_NON_LITERAL_NULL_CONVERSION = YES;
				CLANG_WARN_OBJC_IMPLICIT_RETAIN_SELF = YES;
				CLANG_WARN_OBJC_LITERAL_CONVERSION = YES;
				CLANG_WARN_OBJC_ROOT_CLASS = YES_ERROR;
				CLANG_WARN_QUOTED_INCLUDE_IN_FRAMEWORK_HEADER = YES;
				CLANG_WARN_RANGE_LOOP_ANALYSIS = YES;
				CLANG_WARN_STRICT_PROTOTYPES = YES;
				CLANG_WARN_SUSPICIOUS_MOVE = YES;
				CLANG_WARN_UNGUARDED_AVAILABILITY = YES_AGGRESSIVE;
				CLANG_WARN_UNREACHABLE_CODE = YES;
				CLANG_WARN__DUPLICATE_METHOD_MATCH = YES;
				COPY_PHASE_STRIP = NO;
				DEBUG_INFORMATION_FORMAT = "dwarf-with-dsym";
				ENABLE_NS_ASSERTIONS = NO;
				ENABLE_STRICT_OBJC_MSGSEND = YES;
				GCC_C_LANGUAGE_STANDARD = gnu11;
				GCC_NO_COMMON_BLOCKS = YES;
				GCC_WARN_64_TO_32_BIT_CONVERSION = YES;
				GCC_WARN_ABOUT_RETURN_TYPE = YES_ERROR;
				GCC_WARN_UNDECLARED_SELECTOR = YES;
				GCC_WARN_UNINITIALIZED_AUTOS = YES_AGGRESSIVE;
				GCC_WARN_UNUSED_FUNCTION = YES;
				GCC_WARN_UNUSED_VARIABLE = YES;
				IPHONEOS_DEPLOYMENT_TARGET = 15.4;
				MTL_ENABLE_DEBUG_INFO = NO;
				MTL_FAST_MATH = YES;
				SDKROOT = iphoneos;
				SWIFT_COMPILATION_MODE = wholemodule;
				SWIFT_OPTIMIZATION_LEVEL = "-O";
				VALIDATE_PRODUCT = YES;
			};
			name = Release;
		};
		A6FD9CF228367617004E9BE2 /* Debug */ = {
			isa = XCBuildConfiguration;
			buildSettings = {
				ASSETCATALOG_COMPILER_APPICON_NAME = AppIcon;
				ASSETCATALOG_COMPILER_GLOBAL_ACCENT_COLOR_NAME = AccentColor;
				CODE_SIGN_STYLE = Automatic;
				CURRENT_PROJECT_VERSION = 1;
				DEVELOPMENT_TEAM = 392YYMCWGL;
				GENERATE_INFOPLIST_FILE = YES;
				INFOPLIST_FILE = ReverseValueTransmission/Info.plist;
				INFOPLIST_KEY_UIApplicationSupportsIndirectInputEvents = YES;
				INFOPLIST_KEY_UILaunchStoryboardName = LaunchScreen;
				INFOPLIST_KEY_UIMainStoryboardFile = Main;
				INFOPLIST_KEY_UISupportedInterfaceOrientations_iPad = "UIInterfaceOrientationPortrait UIInterfaceOrientationPortraitUpsideDown UIInterfaceOrientationLandscapeLeft UIInterfaceOrientationLandscapeRight";
				INFOPLIST_KEY_UISupportedInterfaceOrientations_iPhone = "UIInterfaceOrientationPortrait UIInterfaceOrientationLandscapeLeft UIInterfaceOrientationLandscapeRight";
				LD_RUNPATH_SEARCH_PATHS = (
					"$(inherited)",
					"@executable_path/Frameworks",
				);
				MARKETING_VERSION = 1.0;
				PRODUCT_BUNDLE_IDENTIFIER = com.stardust.ReverseValueTransmission;
				PRODUCT_NAME = "$(TARGET_NAME)";
				SWIFT_EMIT_LOC_STRINGS = YES;
				SWIFT_VERSION = 5.0;
				TARGETED_DEVICE_FAMILY = "1,2";
			};
			name = Debug;
		};
		A6FD9CF328367617004E9BE2 /* Release */ = {
			isa = XCBuildConfiguration;
			buildSettings = {
				ASSETCATALOG_COMPILER_APPICON_NAME = AppIcon;
				ASSETCATALOG_COMPILER_GLOBAL_ACCENT_COLOR_NAME = AccentColor;
				CODE_SIGN_STYLE = Automatic;
				CURRENT_PROJECT_VERSION = 1;
				DEVELOPMENT_TEAM = 392YYMCWGL;
				GENERATE_INFOPLIST_FILE = YES;
				INFOPLIST_FILE = ReverseValueTransmission/Info.plist;
				INFOPLIST_KEY_UIApplicationSupportsIndirectInputEvents = YES;
				INFOPLIST_KEY_UILaunchStoryboardName = LaunchScreen;
				INFOPLIST_KEY_UIMainStoryboardFile = Main;
				INFOPLIST_KEY_UISupportedInterfaceOrientations_iPad = "UIInterfaceOrientationPortrait UIInterfaceOrientationPortraitUpsideDown UIInterfaceOrientationLandscapeLeft UIInterfaceOrientationLandscapeRight";
				INFOPLIST_KEY_UISupportedInterfaceOrientations_iPhone = "UIInterfaceOrientationPortrait UIInterfaceOrientationLandscapeLeft UIInterfaceOrientationLandscapeRight";
				LD_RUNPATH_SEARCH_PATHS = (
					"$(inherited)",
					"@executable_path/Frameworks",
				);
				MARKETING_VERSION = 1.0;
				PRODUCT_BUNDLE_IDENTIFIER = com.stardust.ReverseValueTransmission;
				PRODUCT_NAME = "$(TARGET_NAME)";
				SWIFT_EMIT_LOC_STRINGS = YES;
				SWIFT_VERSION = 5.0;
				TARGETED_DEVICE_FAMILY = "1,2";
			};
			name = Release;
		};
		A6FD9CF528367617004E9BE2 /* Debug */ = {
			isa = XCBuildConfiguration;
			buildSettings = {
				ALWAYS_EMBED_SWIFT_STANDARD_LIBRARIES = YES;
				BUNDLE_LOADER = "$(TEST_HOST)";
				CODE_SIGN_STYLE = Automatic;
				CURRENT_PROJECT_VERSION = 1;
				DEVELOPMENT_TEAM = 392YYMCWGL;
				GENERATE_INFOPLIST_FILE = YES;
				IPHONEOS_DEPLOYMENT_TARGET = 15.4;
				MARKETING_VERSION = 1.0;
				PRODUCT_BUNDLE_IDENTIFIER = com.stardust.ReverseValueTransmissionTests;
				PRODUCT_NAME = "$(TARGET_NAME)";
				SWIFT_EMIT_LOC_STRINGS = NO;
				SWIFT_VERSION = 5.0;
				TARGETED_DEVICE_FAMILY = "1,2";
				TEST_HOST = "$(BUILT_PRODUCTS_DIR)/ReverseValueTransmission.app/ReverseValueTransmission";
			};
			name = Debug;
		};
		A6FD9CF628367617004E9BE2 /* Release */ = {
			isa = XCBuildConfiguration;
			buildSettings = {
				ALWAYS_EMBED_SWIFT_STANDARD_LIBRARIES = YES;
				BUNDLE_LOADER = "$(TEST_HOST)";
				CODE_SIGN_STYLE = Automatic;
				CURRENT_PROJECT_VERSION = 1;
				DEVELOPMENT_TEAM = 392YYMCWGL;
				GENERATE_INFOPLIST_FILE = YES;
				IPHONEOS_DEPLOYMENT_TARGET = 15.4;
				MARKETING_VERSION = 1.0;
				PRODUCT_BUNDLE_IDENTIFIER = com.stardust.ReverseValueTransmissionTests;
				PRODUCT_NAME = "$(TARGET_NAME)";
				SWIFT_EMIT_LOC_STRINGS = NO;
				SWIFT_VERSION = 5.0;
				TARGETED_DEVICE_FAMILY = "1,2";
				TEST_HOST = "$(BUILT_PRODUCTS_DIR)/ReverseValueTransmission.app/ReverseValueTransmission";
			};
			name = Release;
		};
		A6FD9CF828367617004E9BE2 /* Debug */ = {
			isa = XCBuildConfiguration;
			buildSettings = {
				ALWAYS_EMBED_SWIFT_STANDARD_LIBRARIES = YES;
				CODE_SIGN_STYLE = Automatic;
				CURRENT_PROJECT_VERSION = 1;
				DEVELOPMENT_TEAM = 392YYMCWGL;
				GENERATE_INFOPLIST_FILE = YES;
				MARKETING_VERSION = 1.0;
				PRODUCT_BUNDLE_IDENTIFIER = com.stardust.ReverseValueTransmissionUITests;
				PRODUCT_NAME = "$(TARGET_NAME)";
				SWIFT_EMIT_LOC_STRINGS = NO;
				SWIFT_VERSION = 5.0;
				TARGETED_DEVICE_FAMILY = "1,2";
				TEST_TARGET_NAME = ReverseValueTransmission;
			};
			name = Debug;
		};
		A6FD9CF928367617004E9BE2 /* Release */ = {
			isa = XCBuildConfiguration;
			buildSettings = {
				ALWAYS_EMBED_SWIFT_STANDARD_LIBRARIES = YES;
				CODE_SIGN_STYLE = Automatic;
				CURRENT_PROJECT_VERSION = 1;
				DEVELOPMENT_TEAM = 392YYMCWGL;
				GENERATE_INFOPLIST_FILE = YES;
				MARKETING_VERSION = 1.0;
				PRODUCT_BUNDLE_IDENTIFIER = com.stardust.ReverseValueTransmissionUITests;
				PRODUCT_NAME = "$(TARGET_NAME)";
				SWIFT_EMIT_LOC_STRINGS = NO;
				SWIFT_VERSION = 5.0;
				TARGETED_DEVICE_FAMILY = "1,2";
				TEST_TARGET_NAME = ReverseValueTransmission;
			};
			name = Release;
		};
/* End XCBuildConfiguration section */

/* Begin XCConfigurationList section */
		A6FD9CC228367616004E9BE2 /* Build configuration list for PBXProject "ReverseValueTransmission" */ = {
			isa = XCConfigurationList;
			buildConfigurations = (
				A6FD9CEF28367617004E9BE2 /* Debug */,
				A6FD9CF028367617004E9BE2 /* Release */,
			);
			defaultConfigurationIsVisible = 0;
			defaultConfigurationName = Release;
		};
		A6FD9CF128367617004E9BE2 /* Build configuration list for PBXNativeTarget "ReverseValueTransmission" */ = {
			isa = XCConfigurationList;
			buildConfigurations = (
				A6FD9CF228367617004E9BE2 /* Debug */,
				A6FD9CF328367617004E9BE2 /* Release */,
			);
			defaultConfigurationIsVisible = 0;
			defaultConfigurationName = Release;
		};
		A6FD9CF428367617004E9BE2 /* Build configuration list for PBXNativeTarget "ReverseValueTransmissionTests" */ = {
			isa = XCConfigurationList;
			buildConfigurations = (
				A6FD9CF528367617004E9BE2 /* Debug */,
				A6FD9CF628367617004E9BE2 /* Release */,
			);
			defaultConfigurationIsVisible = 0;
			defaultConfigurationName = Release;
		};
		A6FD9CF728367617004E9BE2 /* Build configuration list for PBXNativeTarget "ReverseValueTransmissionUITests" */ = {
			isa = XCConfigurationList;
			buildConfigurations = (
				A6FD9CF828367617004E9BE2 /* Debug */,
				A6FD9CF928367617004E9BE2 /* Release */,
			);
			defaultConfigurationIsVisible = 0;
			defaultConfigurationName = Release;
		};
/* End XCConfigurationList section */
	};
	rootObject = A6FD9CBF28367616004E9BE2 /* Project object */;
}
